// !$*UTF8*$!
{
	archiveVersion = 1;
	classes = {
	};
	objectVersion = 46;
	objects = {

/* Begin PBXBuildFile section */
		1328977F1F658C2D004912B8 /* main.m in Sources */ = {isa = PBXBuildFile; fileRef = 1328977E1F658C2D004912B8 /* main.m */; };
		132897821F658C2D004912B8 /* AppDelegate.m in Sources */ = {isa = PBXBuildFile; fileRef = 132897811F658C2D004912B8 /* AppDelegate.m */; };
		132897881F658C2D004912B8 /* Main.storyboard in Resources */ = {isa = PBXBuildFile; fileRef = 132897861F658C2D004912B8 /* Main.storyboard */; };
		1328978A1F658C2D004912B8 /* Assets.xcassets in Resources */ = {isa = PBXBuildFile; fileRef = 132897891F658C2D004912B8 /* Assets.xcassets */; };
		1328978D1F658C2D004912B8 /* LaunchScreen.storyboard in Resources */ = {isa = PBXBuildFile; fileRef = 1328978B1F658C2D004912B8 /* LaunchScreen.storyboard */; };
		132897981F658C2D004912B8 /* ____AVPlayerTests.m in Sources */ = {isa = PBXBuildFile; fileRef = 132897971F658C2D004912B8 /* ____AVPlayerTests.m */; };
		132897A31F658C2D004912B8 /* ____AVPlayerUITests.m in Sources */ = {isa = PBXBuildFile; fileRef = 132897A21F658C2D004912B8 /* ____AVPlayerUITests.m */; };
		13359DFF1F66D20000D81E5B /* ViewController.m in Sources */ = {isa = PBXBuildFile; fileRef = 13359DFE1F66D20000D81E5B /* ViewController.m */; };
		13359E031F66D38500D81E5B /* AVPlayerManager.m in Sources */ = {isa = PBXBuildFile; fileRef = 13359E021F66D38500D81E5B /* AVPlayerManager.m */; };
		13359E101F66E78300D81E5B /* Voice.m in Sources */ = {isa = PBXBuildFile; fileRef = 13359E0F1F66E78300D81E5B /* Voice.m */; };
/* End PBXBuildFile section */

/* Begin PBXContainerItemProxy section */
		132897941F658C2D004912B8 /* PBXContainerItemProxy */ = {
			isa = PBXContainerItemProxy;
			containerPortal = 132897721F658C2D004912B8 /* Project object */;
			proxyType = 1;
			remoteGlobalIDString = 132897791F658C2D004912B8;
			remoteInfo = "音频--AVPlayer";
		};
		1328979F1F658C2D004912B8 /* PBXContainerItemProxy */ = {
			isa = PBXContainerItemProxy;
			containerPortal = 132897721F658C2D004912B8 /* Project object */;
			proxyType = 1;
			remoteGlobalIDString = 132897791F658C2D004912B8;
			remoteInfo = "音频--AVPlayer";
		};
/* End PBXContainerItemProxy section */

/* Begin PBXFileReference section */
		1328977A1F658C2D004912B8 /* 音频--AVPlayer.app */ = {isa = PBXFileReference; explicitFileType = wrapper.application; includeInIndex = 0; path = "音频--AVPlayer.app"; sourceTree = BUILT_PRODUCTS_DIR; };
		1328977E1F658C2D004912B8 /* main.m */ = {isa = PBXFileReference; lastKnownFileType = sourcecode.c.objc; path = main.m; sourceTree = "<group>"; };
		132897801F658C2D004912B8 /* AppDelegate.h */ = {isa = PBXFileReference; lastKnownFileType = sourcecode.c.h; path = AppDelegate.h; sourceTree = "<group>"; };
		132897811F658C2D004912B8 /* AppDelegate.m */ = {isa = PBXFileReference; lastKnownFileType = sourcecode.c.objc; path = AppDelegate.m; sourceTree = "<group>"; };
		132897871F658C2D004912B8 /* Base */ = {isa = PBXFileReference; lastKnownFileType = file.storyboard; name = Base; path = Base.lproj/Main.storyboard; sourceTree = "<group>"; };
		132897891F658C2D004912B8 /* Assets.xcassets */ = {isa = PBXFileReference; lastKnownFileType = folder.assetcatalog; path = Assets.xcassets; sourceTree = "<group>"; };
		1328978C1F658C2D004912B8 /* Base */ = {isa = PBXFileReference; lastKnownFileType = file.storyboard; name = Base; path = Base.lproj/LaunchScreen.storyboard; sourceTree = "<group>"; };
		1328978E1F658C2D004912B8 /* Info.plist */ = {isa = PBXFileReference; lastKnownFileType = text.plist.xml; path = Info.plist; sourceTree = "<group>"; };
		132897931F658C2D004912B8 /* 音频--AVPlayerTests.xctest */ = {isa = PBXFileReference; explicitFileType = wrapper.cfbundle; includeInIndex = 0; path = "音频--AVPlayerTests.xctest"; sourceTree = BUILT_PRODUCTS_DIR; };
		132897971F658C2D004912B8 /* ____AVPlayerTests.m */ = {isa = PBXFileReference; lastKnownFileType = sourcecode.c.objc; path = "____AVPlayerTests.m"; sourceTree = "<group>"; };
		132897991F658C2D004912B8 /* Info.plist */ = {isa = PBXFileReference; lastKnownFileType = text.plist.xml; path = Info.plist; sourceTree = "<group>"; };
		1328979E1F658C2D004912B8 /* 音频--AVPlayerUITests.xctest */ = {isa = PBXFileReference; explicitFileType = wrapper.cfbundle; includeInIndex = 0; path = "音频--AVPlayerUITests.xctest"; sourceTree = BUILT_PRODUCTS_DIR; };
		132897A21F658C2D004912B8 /* ____AVPlayerUITests.m */ = {isa = PBXFileReference; lastKnownFileType = sourcecode.c.objc; path = "____AVPlayerUITests.m"; sourceTree = "<group>"; };
		132897A41F658C2D004912B8 /* Info.plist */ = {isa = PBXFileReference; lastKnownFileType = text.plist.xml; path = Info.plist; sourceTree = "<group>"; };
		13359DFD1F66D20000D81E5B /* ViewController.h */ = {isa = PBXFileReference; fileEncoding = 4; lastKnownFileType = sourcecode.c.h; path = ViewController.h; sourceTree = "<group>"; };
		13359DFE1F66D20000D81E5B /* ViewController.m */ = {isa = PBXFileReference; fileEncoding = 4; lastKnownFileType = sourcecode.c.objc; path = ViewController.m; sourceTree = "<group>"; };
		13359E011F66D38500D81E5B /* AVPlayerManager.h */ = {isa = PBXFileReference; fileEncoding = 4; lastKnownFileType = sourcecode.c.h; path = AVPlayerManager.h; sourceTree = "<group>"; };
		13359E021F66D38500D81E5B /* AVPlayerManager.m */ = {isa = PBXFileReference; fileEncoding = 4; lastKnownFileType = sourcecode.c.objc; path = AVPlayerManager.m; sourceTree = "<group>"; };
		13359E0E1F66E78300D81E5B /* Voice.h */ = {isa = PBXFileReference; fileEncoding = 4; lastKnownFileType = sourcecode.c.h; path = Voice.h; sourceTree = "<group>"; };
		13359E0F1F66E78300D81E5B /* Voice.m */ = {isa = PBXFileReference; fileEncoding = 4; lastKnownFileType = sourcecode.c.objc; path = Voice.m; sourceTree = "<group>"; };
/* End PBXFileReference section */

/* Begin PBXFrameworksBuildPhase section */
		132897771F658C2D004912B8 /* Frameworks */ = {
			isa = PBXFrameworksBuildPhase;
			buildActionMask = 2147483647;
			files = (
			);
			runOnlyForDeploymentPostprocessing = 0;
		};
		132897901F658C2D004912B8 /* Frameworks */ = {
			isa = PBXFrameworksBuildPhase;
			buildActionMask = 2147483647;
			files = (
			);
			runOnlyForDeploymentPostprocessing = 0;
		};
		1328979B1F658C2D004912B8 /* Frameworks */ = {
			isa = PBXFrameworksBuildPhase;
			buildActionMask = 2147483647;
			files = (
			);
			runOnlyForDeploymentPostprocessing = 0;
		};
/* End PBXFrameworksBuildPhase section */

/* Begin PBXGroup section */
		132897711F658C2D004912B8 = {
			isa = PBXGroup;
			children = (
				1328977C1F658C2D004912B8 /* 音频--AVPlayer */,
				132897961F658C2D004912B8 /* 音频--AVPlayerTests */,
				132897A11F658C2D004912B8 /* 音频--AVPlayerUITests */,
				1328977B1F658C2D004912B8 /* Products */,
			);
			sourceTree = "<group>";
		};
		1328977B1F658C2D004912B8 /* Products */ = {
			isa = PBXGroup;
			children = (
				1328977A1F658C2D004912B8 /* 音频--AVPlayer.app */,
				132897931F658C2D004912B8 /* 音频--AVPlayerTests.xctest */,
				1328979E1F658C2D004912B8 /* 音频--AVPlayerUITests.xctest */,
			);
			name = Products;
			sourceTree = "<group>";
		};
		1328977C1F658C2D004912B8 /* 音频--AVPlayer */ = {
			isa = PBXGroup;
			children = (
				13359E001F66D38500D81E5B /* AVPlayer 音频 */,
				132897801F658C2D004912B8 /* AppDelegate.h */,
				132897811F658C2D004912B8 /* AppDelegate.m */,
				13359DFD1F66D20000D81E5B /* ViewController.h */,
				13359DFE1F66D20000D81E5B /* ViewController.m */,
				132897861F658C2D004912B8 /* Main.storyboard */,
				132897891F658C2D004912B8 /* Assets.xcassets */,
				1328978B1F658C2D004912B8 /* LaunchScreen.storyboard */,
				1328978E1F658C2D004912B8 /* Info.plist */,
				1328977D1F658C2D004912B8 /* Supporting Files */,
			);
			path = "音频--AVPlayer";
			sourceTree = "<group>";
		};
		1328977D1F658C2D004912B8 /* Supporting Files */ = {
			isa = PBXGroup;
			children = (
				1328977E1F658C2D004912B8 /* main.m */,
			);
			name = "Supporting Files";
			sourceTree = "<group>";
		};
		132897961F658C2D004912B8 /* 音频--AVPlayerTests */ = {
			isa = PBXGroup;
			children = (
				132897971F658C2D004912B8 /* ____AVPlayerTests.m */,
				132897991F658C2D004912B8 /* Info.plist */,
			);
			path = "音频--AVPlayerTests";
			sourceTree = "<group>";
		};
		132897A11F658C2D004912B8 /* 音频--AVPlayerUITests */ = {
			isa = PBXGroup;
			children = (
				132897A21F658C2D004912B8 /* ____AVPlayerUITests.m */,
				132897A41F658C2D004912B8 /* Info.plist */,
			);
			path = "音频--AVPlayerUITests";
			sourceTree = "<group>";
		};
		13359E001F66D38500D81E5B /* AVPlayer 音频 */ = {
			isa = PBXGroup;
			children = (
				13359E011F66D38500D81E5B /* AVPlayerManager.h */,
				13359E021F66D38500D81E5B /* AVPlayerManager.m */,
				13359E0E1F66E78300D81E5B /* Voice.h */,
				13359E0F1F66E78300D81E5B /* Voice.m */,
			);
			path = "AVPlayer 音频";
			sourceTree = "<group>";
		};
/* End PBXGroup section */

/* Begin PBXNativeTarget section */
		132897791F658C2D004912B8 /* 音频--AVPlayer */ = {
			isa = PBXNativeTarget;
			buildConfigurationList = 132897A71F658C2D004912B8 /* Build configuration list for PBXNativeTarget "音频--AVPlayer" */;
			buildPhases = (
				132897761F658C2D004912B8 /* Sources */,
				132897771F658C2D004912B8 /* Frameworks */,
				132897781F658C2D004912B8 /* Resources */,
			);
			buildRules = (
			);
			dependencies = (
			);
			name = "音频--AVPlayer";
			productName = "音频--AVPlayer";
			productReference = 1328977A1F658C2D004912B8 /* 音频--AVPlayer.app */;
			productType = "com.apple.product-type.application";
		};
		132897921F658C2D004912B8 /* 音频--AVPlayerTests */ = {
			isa = PBXNativeTarget;
			buildConfigurationList = 132897AA1F658C2D004912B8 /* Build configuration list for PBXNativeTarget "音频--AVPlayerTests" */;
			buildPhases = (
				1328978F1F658C2D004912B8 /* Sources */,
				132897901F658C2D004912B8 /* Frameworks */,
				132897911F658C2D004912B8 /* Resources */,
			);
			buildRules = (
			);
			dependencies = (
				132897951F658C2D004912B8 /* PBXTargetDependency */,
			);
			name = "音频--AVPlayerTests";
			productName = "音频--AVPlayerTests";
			productReference = 132897931F658C2D004912B8 /* 音频--AVPlayerTests.xctest */;
			productType = "com.apple.product-type.bundle.unit-test";
		};
		1328979D1F658C2D004912B8 /* 音频--AVPlayerUITests */ = {
			isa = PBXNativeTarget;
			buildConfigurationList = 132897AD1F658C2D004912B8 /* Build configuration list for PBXNativeTarget "音频--AVPlayerUITests" */;
			buildPhases = (
				1328979A1F658C2D004912B8 /* Sources */,
				1328979B1F658C2D004912B8 /* Frameworks */,
				1328979C1F658C2D004912B8 /* Resources */,
			);
			buildRules = (
			);
			dependencies = (
				132897A01F658C2D004912B8 /* PBXTargetDependency */,
			);
			name = "音频--AVPlayerUITests";
			productName = "音频--AVPlayerUITests";
			productReference = 1328979E1F658C2D004912B8 /* 音频--AVPlayerUITests.xctest */;
			productType = "com.apple.product-type.bundle.ui-testing";
		};
/* End PBXNativeTarget section */

/* Begin PBXProject section */
		132897721F658C2D004912B8 /* Project object */ = {
			isa = PBXProject;
			attributes = {
				LastUpgradeCheck = 0830;
				ORGANIZATIONNAME = QIUGUI;
				TargetAttributes = {
					132897791F658C2D004912B8 = {
						CreatedOnToolsVersion = 8.3.3;
						DevelopmentTeam = JVXD85Z9KW;
						ProvisioningStyle = Automatic;
					};
					132897921F658C2D004912B8 = {
						CreatedOnToolsVersion = 8.3.3;
						DevelopmentTeam = JVXD85Z9KW;
						ProvisioningStyle = Automatic;
						TestTargetID = 132897791F658C2D004912B8;
					};
					1328979D1F658C2D004912B8 = {
						CreatedOnToolsVersion = 8.3.3;
						DevelopmentTeam = JVXD85Z9KW;
						ProvisioningStyle = Automatic;
						TestTargetID = 132897791F658C2D004912B8;
					};
				};
			};
			buildConfigurationList = 132897751F658C2D004912B8 /* Build configuration list for PBXProject "音频--AVPlayer" */;
			compatibilityVersion = "Xcode 3.2";
			developmentRegion = English;
			hasScannedForEncodings = 0;
			knownRegions = (
				en,
				Base,
			);
			mainGroup = 132897711F658C2D004912B8;
			productRefGroup = 1328977B1F658C2D004912B8 /* Products */;
			projectDirPath = "";
			projectRoot = "";
			targets = (
				132897791F658C2D004912B8 /* 音频--AVPlayer */,
				132897921F658C2D004912B8 /* 音频--AVPlayerTests */,
				1328979D1F658C2D004912B8 /* 音频--AVPlayerUITests */,
			);
		};
/* End PBXProject section */

/* Begin PBXResourcesBuildPhase section */
		132897781F658C2D004912B8 /* Resources */ = {
			isa = PBXResourcesBuildPhase;
			buildActionMask = 2147483647;
			files = (
				1328978D1F658C2D004912B8 /* LaunchScreen.storyboard in Resources */,
				1328978A1F658C2D004912B8 /* Assets.xcassets in Resources */,
				132897881F658C2D004912B8 /* Main.storyboard in Resources */,
			);
			runOnlyForDeploymentPostprocessing = 0;
		};
		132897911F658C2D004912B8 /* Resources */ = {
			isa = PBXResourcesBuildPhase;
			buildActionMask = 2147483647;
			files = (
			);
			runOnlyForDeploymentPostprocessing = 0;
		};
		1328979C1F658C2D004912B8 /* Resources */ = {
			isa = PBXResourcesBuildPhase;
			buildActionMask = 2147483647;
			files = (
			);
			runOnlyForDeploymentPostprocessing = 0;
		};
/* End PBXResourcesBuildPhase section */

/* Begin PBXSourcesBuildPhase section */
		132897761F658C2D004912B8 /* Sources */ = {
			isa = PBXSourcesBuildPhase;
			buildActionMask = 2147483647;
			files = (
				13359E101F66E78300D81E5B /* Voice.m in Sources */,
				13359DFF1F66D20000D81E5B /* ViewController.m in Sources */,
				132897821F658C2D004912B8 /* AppDelegate.m in Sources */,
				1328977F1F658C2D004912B8 /* main.m in Sources */,
				13359E031F66D38500D81E5B /* AVPlayerManager.m in Sources */,
			);
			runOnlyForDeploymentPostprocessing = 0;
		};
		1328978F1F658C2D004912B8 /* Sources */ = {
			isa = PBXSourcesBuildPhase;
			buildActionMask = 2147483647;
			files = (
				132897981F658C2D004912B8 /* ____AVPlayerTests.m in Sources */,
			);
			runOnlyForDeploymentPostprocessing = 0;
		};
		1328979A1F658C2D004912B8 /* Sources */ = {
			isa = PBXSourcesBuildPhase;
			buildActionMask = 2147483647;
			files = (
				132897A31F658C2D004912B8 /* ____AVPlayerUITests.m in Sources */,
			);
			runOnlyForDeploymentPostprocessing = 0;
		};
/* End PBXSourcesBuildPhase section */

/* Begin PBXTargetDependency section */
		132897951F658C2D004912B8 /* PBXTargetDependency */ = {
			isa = PBXTargetDependency;
			target = 132897791F658C2D004912B8 /* 音频--AVPlayer */;
			targetProxy = 132897941F658C2D004912B8 /* PBXContainerItemProxy */;
		};
		132897A01F658C2D004912B8 /* PBXTargetDependency */ = {
			isa = PBXTargetDependency;
			target = 132897791F658C2D004912B8 /* 音频--AVPlayer */;
			targetProxy = 1328979F1F658C2D004912B8 /* PBXContainerItemProxy */;
		};
/* End PBXTargetDependency section */

/* Begin PBXVariantGroup section */
		132897861F658C2D004912B8 /* Main.storyboard */ = {
			isa = PBXVariantGroup;
			children = (
				132897871F658C2D004912B8 /* Base */,
			);
			name = Main.storyboard;
			sourceTree = "<group>";
		};
		1328978B1F658C2D004912B8 /* LaunchScreen.storyboard */ = {
			isa = PBXVariantGroup;
			children = (
				1328978C1F658C2D004912B8 /* Base */,
			);
			name = LaunchScreen.storyboard;
			sourceTree = "<group>";
		};
/* End PBXVariantGroup section */

/* Begin XCBuildConfiguration section */
		132897A51F658C2D004912B8 /* Debug */ = {
			isa = XCBuildConfiguration;
			buildSettings = {
				ALWAYS_SEARCH_USER_PATHS = NO;
				CLANG_ANALYZER_NONNULL = YES;
				CLANG_ANALYZER_NUMBER_OBJECT_CONVERSION = YES_AGGRESSIVE;
				CLANG_CXX_LANGUAGE_STANDARD = "gnu++0x";
				CLANG_CXX_LIBRARY = "libc++";
				CLANG_ENABLE_MODULES = YES;
				CLANG_ENABLE_OBJC_ARC = YES;
				CLANG_WARN_BOOL_CONVERSION = YES;
				CLANG_WARN_CONSTANT_CONVERSION = YES;
				CLANG_WARN_DIRECT_OBJC_ISA_USAGE = YES_ERROR;
				CLANG_WARN_DOCUMENTATION_COMMENTS = YES;
				CLANG_WARN_EMPTY_BODY = YES;
				CLANG_WARN_ENUM_CONVERSION = YES;
				CLANG_WARN_INFINITE_RECURSION = YES;
				CLANG_WARN_INT_CONVERSION = YES;
				CLANG_WARN_OBJC_ROOT_CLASS = YES_ERROR;
				CLANG_WARN_SUSPICIOUS_MOVE = YES;
				CLANG_WARN_UNREACHABLE_CODE = YES;
				CLANG_WARN__DUPLICATE_METHOD_MATCH = YES;
				"CODE_SIGN_IDENTITY[sdk=iphoneos*]" = "iPhone Developer";
				COPY_PHASE_STRIP = NO;
				DEBUG_INFORMATION_FORMAT = dwarf;
				ENABLE_STRICT_OBJC_MSGSEND = YES;
				ENABLE_TESTABILITY = YES;
				GCC_C_LANGUAGE_STANDARD = gnu99;
				GCC_DYNAMIC_NO_PIC = NO;
				GCC_NO_COMMON_BLOCKS = YES;
				GCC_OPTIMIZATION_LEVEL = 0;
				GCC_PREPROCESSOR_DEFINITIONS = (
					"DEBUG=1",
					"$(inherited)",
				);
				GCC_WARN_64_TO_32_BIT_CONVERSION = YES;
				GCC_WARN_ABOUT_RETURN_TYPE = YES_ERROR;
				GCC_WARN_UNDECLARED_SELECTOR = YES;
				GCC_WARN_UNINITIALIZED_AUTOS = YES_AGGRESSIVE;
				GCC_WARN_UNUSED_FUNCTION = YES;
				GCC_WARN_UNUSED_VARIABLE = YES;
				IPHONEOS_DEPLOYMENT_TARGET = 10.3;
				MTL_ENABLE_DEBUG_INFO = YES;
				ONLY_ACTIVE_ARCH = YES;
				SDKROOT = iphoneos;
			};
			name = Debug;
		};
		132897A61F658C2D004912B8 /* Release */ = {
			isa = XCBuildConfiguration;
			buildSettings = {
				ALWAYS_SEARCH_USER_PATHS = NO;
				CLANG_ANALYZER_NONNULL = YES;
				CLANG_ANALYZER_NUMBER_OBJECT_CONVERSION = YES_AGGRESSIVE;
				CLANG_CXX_LANGUAGE_STANDARD = "gnu++0x";
				CLANG_CXX_LIBRARY = "libc++";
				CLANG_ENABLE_MODULES = YES;
				CLANG_ENABLE_OBJC_ARC = YES;
				CLANG_WARN_BOOL_CONVERSION = YES;
				CLANG_WARN_CONSTANT_CONVERSION = YES;
				CLANG_WARN_DIRECT_OBJC_ISA_USAGE = YES_ERROR;
				CLANG_WARN_DOCUMENTATION_COMMENTS = YES;
				CLANG_WARN_EMPTY_BODY = YES;
				CLANG_WARN_ENUM_CONVERSION = YES;
				CLANG_WARN_INFINITE_RECURSION = YES;
				CLANG_WARN_INT_CONVERSION = YES;
				CLANG_WARN_OBJC_ROOT_CLASS = YES_ERROR;
				CLANG_WARN_SUSPICIOUS_MOVE = YES;
				CLANG_WARN_UNREACHABLE_CODE = YES;
				CLANG_WARN__DUPLICATE_METHOD_MATCH = YES;
				"CODE_SIGN_IDENTITY[sdk=iphoneos*]" = "iPhone Developer";
				COPY_PHASE_STRIP = NO;
				DEBUG_INFORMATION_FORMAT = "dwarf-with-dsym";
				ENABLE_NS_ASSERTIONS = NO;
				ENABLE_STRICT_OBJC_MSGSEND = YES;
				GCC_C_LANGUAGE_STANDARD = gnu99;
				GCC_NO_COMMON_BLOCKS = YES;
				GCC_WARN_64_TO_32_BIT_CONVERSION = YES;
				GCC_WARN_ABOUT_RETURN_TYPE = YES_ERROR;
				GCC_WARN_UNDECLARED_SELECTOR = YES;
				GCC_WARN_UNINITIALIZED_AUTOS = YES_AGGRESSIVE;
				GCC_WARN_UNUSED_FUNCTION = YES;
				GCC_WARN_UNUSED_VARIABLE = YES;
				IPHONEOS_DEPLOYMENT_TARGET = 10.3;
				MTL_ENABLE_DEBUG_INFO = NO;
				SDKROOT = iphoneos;
				VALIDATE_PRODUCT = YES;
			};
			name = Release;
		};
		132897A81F658C2D004912B8 /* Debug */ = {
			isa = XCBuildConfiguration;
			buildSettings = {
				ASSETCATALOG_COMPILER_APPICON_NAME = AppIcon;
				DEVELOPMENT_TEAM = JVXD85Z9KW;
				INFOPLIST_FILE = "音频--AVPlayer/Info.plist";
				LD_RUNPATH_SEARCH_PATHS = "$(inherited) @executable_path/Frameworks";
				PRODUCT_BUNDLE_IDENTIFIER = "com.WH.Demo.----AVPlayer";
				PRODUCT_NAME = "$(TARGET_NAME)";
			};
			name = Debug;
		};
		132897A91F658C2D004912B8 /* Release */ = {
			isa = XCBuildConfiguration;
			buildSettings = {
				ASSETCATALOG_COMPILER_APPICON_NAME = AppIcon;
				DEVELOPMENT_TEAM = JVXD85Z9KW;
				INFOPLIST_FILE = "音频--AVPlayer/Info.plist";
				LD_RUNPATH_SEARCH_PATHS = "$(inherited) @executable_path/Frameworks";
				PRODUCT_BUNDLE_IDENTIFIER = "com.WH.Demo.----AVPlayer";
				PRODUCT_NAME = "$(TARGET_NAME)";
			};
			name = Release;
		};
		132897AB1F658C2D004912B8 /* Debug */ = {
			isa = XCBuildConfiguration;
			buildSettings = {
				BUNDLE_LOADER = "$(TEST_HOST)";
				DEVELOPMENT_TEAM = JVXD85Z9KW;
				INFOPLIST_FILE = "音频--AVPlayerTests/Info.plist";
				LD_RUNPATH_SEARCH_PATHS = "$(inherited) @executable_path/Frameworks @loader_path/Frameworks";
				PRODUCT_BUNDLE_IDENTIFIER = "com.WH.Demo.----AVPlayerTests";
				PRODUCT_NAME = "$(TARGET_NAME)";
				TEST_HOST = "$(BUILT_PRODUCTS_DIR)/音频--AVPlayer.app/音频--AVPlayer";
			};
			name = Debug;
		};
		132897AC1F658C2D004912B8 /* Release */ = {
			isa = XCBuildConfiguration;
			buildSettings = {
				BUNDLE_LOADER = "$(TEST_HOST)";
				DEVELOPMENT_TEAM = JVXD85Z9KW;
				INFOPLIST_FILE = "音频--AVPlayerTests/Info.plist";
				LD_RUNPATH_SEARCH_PATHS = "$(inherited) @executable_path/Frameworks @loader_path/Frameworks";
				PRODUCT_BUNDLE_IDENTIFIER = "com.WH.Demo.----AVPlayerTests";
				PRODUCT_NAME = "$(TARGET_NAME)";
				TEST_HOST = "$(BUILT_PRODUCTS_DIR)/音频--AVPlayer.app/音频--AVPlayer";
			};
			name = Release;
		};
		132897AE1F658C2D004912B8 /* Debug */ = {
			isa = XCBuildConfiguration;
			buildSettings = {
				DEVELOPMENT_TEAM = JVXD85Z9KW;
				INFOPLIST_FILE = "音频--AVPlayerUITests/Info.plist";
				LD_RUNPATH_SEARCH_PATHS = "$(inherited) @executable_path/Frameworks @loader_path/Frameworks";
				PRODUCT_BUNDLE_IDENTIFIER = "com.WH.Demo.----AVPlayerUITests";
				PRODUCT_NAME = "$(TARGET_NAME)";
				TEST_TARGET_NAME = "音频--AVPlayer";
			};
			name = Debug;
		};
		132897AF1F658C2D004912B8 /* Release */ = {
			isa = XCBuildConfiguration;
			buildSettings = {
				DEVELOPMENT_TEAM = JVXD85Z9KW;
				INFOPLIST_FILE = "音频--AVPlayerUITests/Info.plist";
				LD_RUNPATH_SEARCH_PATHS = "$(inherited) @executable_path/Frameworks @loader_path/Frameworks";
				PRODUCT_BUNDLE_IDENTIFIER = "com.WH.Demo.----AVPlayerUITests";
				PRODUCT_NAME = "$(TARGET_NAME)";
				TEST_TARGET_NAME = "音频--AVPlayer";
			};
			name = Release;
		};
/* End XCBuildConfiguration section */

/* Begin XCConfigurationList section */
		132897751F658C2D004912B8 /* Build configuration list for PBXProject "音频--AVPlayer" */ = {
			isa = XCConfigurationList;
			buildConfigurations = (
				132897A51F658C2D004912B8 /* Debug */,
				132897A61F658C2D004912B8 /* Release */,
			);
			defaultConfigurationIsVisible = 0;
			defaultConfigurationName = Release;
		};
		132897A71F658C2D004912B8 /* Build configuration list for PBXNativeTarget "音频--AVPlayer" */ = {
			isa = XCConfigurationList;
			buildConfigurations = (
				132897A81F658C2D004912B8 /* Debug */,
				132897A91F658C2D004912B8 /* Release */,
			);
			defaultConfigurationIsVisible = 0;
			defaultConfigurationName = Release;
		};
		132897AA1F658C2D004912B8 /* Build configuration list for PBXNativeTarget "音频--AVPlayerTests" */ = {
			isa = XCConfigurationList;
			buildConfigurations = (
				132897AB1F658C2D004912B8 /* Debug */,
				132897AC1F658C2D004912B8 /* Release */,
			);
			defaultConfigurationIsVisible = 0;
			defaultConfigurationName = Release;
		};
		132897AD1F658C2D004912B8 /* Build configuration list for PBXNativeTarget "音频--AVPlayerUITests" */ = {
			isa = XCConfigurationList;
			buildConfigurations = (
				132897AE1F658C2D004912B8 /* Debug */,
				132897AF1F658C2D004912B8 /* Release */,
			);
			defaultConfigurationIsVisible = 0;
			defaultConfigurationName = Release;
		};
/* End XCConfigurationList section */
	};
	rootObject = 132897721F658C2D004912B8 /* Project object */;
}
